
Microsoft Visual Studio Solution File, Format Version 11.00
# Visual Studio 2010
Project("{FAE04EC0-301F-11D3-BF4B-00C04F79EFBC}") = "WindowsFormsApplication1", "WindowsFormsApplication1\WindowsFormsApplication1.csproj", "{593DEEBC-E32A-46E2-A2C5-25BDF264E9BC}"
EndProject
Global
	GlobalSection(SolutionConfigurationPlatforms) = preSolution
		Debug|x86 = Debug|x86
		Release|x86 = Release|x86
	EndGlobalSection
	GlobalSection(ProjectConfigurationPlatforms) = postSolution
		{593DEEBC-E32A-46E2-A2C5-25BDF264E9BC}.Debug|x86.ActiveCfg = Debug|x86
		{593DEEBC-E32A-46E2-A2C5-25BDF264E9BC}.Debug|x86.Build.0 = Debug|x86
		{593DEEBC-E32A-46E2-A2C5-25BDF264E9BC}.Release|x86.ActiveCfg = Release|x86
		{593DEEBC-E32A-46E2-A2C5-25BDF264E9BC}.Release|x86.Build.0 = Release|x86
	EndGlobalSection
	GlobalSection(SolutionProperties) = preSolution
		HideSolutionNode = FALSE
	EndGlobalSection
EndGlobal
